// !$*UTF8*$!
{
	archiveVersion = 1;
	classes = {
	};
	objectVersion = 56;
	objects = {

/* Begin PBXBuildFile section */
		02B743785458D74B90957862 /* Pods_JsonInfo.framework in Frameworks */ = {isa = PBXBuildFile; fileRef = 26B4515934DED68DCC91104B /* Pods_JsonInfo.framework */; };
		F9C9DD572B7412E400311C3B /* AppDelegate.swift in Sources */ = {isa = PBXBuildFile; fileRef = F9C9DD562B7412E400311C3B /* AppDelegate.swift */; };
		F9C9DD592B7412E400311C3B /* SceneDelegate.swift in Sources */ = {isa = PBXBuildFile; fileRef = F9C9DD582B7412E400311C3B /* SceneDelegate.swift */; };
		F9C9DD5B2B7412E400311C3B /* ViewController.swift in Sources */ = {isa = PBXBuildFile; fileRef = F9C9DD5A2B7412E400311C3B /* ViewController.swift */; };
		F9C9DD5E2B7412E400311C3B /* Main.storyboard in Resources */ = {isa = PBXBuildFile; fileRef = F9C9DD5C2B7412E400311C3B /* Main.storyboard */; };
		F9C9DD612B7412E400311C3B /* JsonInfo.xcdatamodeld in Sources */ = {isa = PBXBuildFile; fileRef = F9C9DD5F2B7412E400311C3B /* JsonInfo.xcdatamodeld */; };
		F9C9DD632B7412E400311C3B /* Assets.xcassets in Resources */ = {isa = PBXBuildFile; fileRef = F9C9DD622B7412E400311C3B /* Assets.xcassets */; };
		F9C9DD662B7412E400311C3B /* LaunchScreen.storyboard in Resources */ = {isa = PBXBuildFile; fileRef = F9C9DD642B7412E400311C3B /* LaunchScreen.storyboard */; };
/* End PBXBuildFile section */

/* Begin PBXFileReference section */
		0A5E990BB4B4F37535BA27DB /* Pods-JsonInfo.debug.xcconfig */ = {isa = PBXFileReference; includeInIndex = 1; lastKnownFileType = text.xcconfig; name = "Pods-JsonInfo.debug.xcconfig"; path = "Target Support Files/Pods-JsonInfo/Pods-JsonInfo.debug.xcconfig"; sourceTree = "<group>"; };
		26B4515934DED68DCC91104B /* Pods_JsonInfo.framework */ = {isa = PBXFileReference; explicitFileType = wrapper.framework; includeInIndex = 0; path = Pods_JsonInfo.framework; sourceTree = BUILT_PRODUCTS_DIR; };
		F5560A194DFE94E2759079B6 /* Pods-JsonInfo.release.xcconfig */ = {isa = PBXFileReference; includeInIndex = 1; lastKnownFileType = text.xcconfig; name = "Pods-JsonInfo.release.xcconfig"; path = "Target Support Files/Pods-JsonInfo/Pods-JsonInfo.release.xcconfig"; sourceTree = "<group>"; };
		F9C9DD532B7412E400311C3B /* JsonInfo.app */ = {isa = PBXFileReference; explicitFileType = wrapper.application; includeInIndex = 0; path = JsonInfo.app; sourceTree = BUILT_PRODUCTS_DIR; };
		F9C9DD562B7412E400311C3B /* AppDelegate.swift */ = {isa = PBXFileReference; lastKnownFileType = sourcecode.swift; path = AppDelegate.swift; sourceTree = "<group>"; };
		F9C9DD582B7412E400311C3B /* SceneDelegate.swift */ = {isa = PBXFileReference; lastKnownFileType = sourcecode.swift; path = SceneDelegate.swift; sourceTree = "<group>"; };
		F9C9DD5A2B7412E400311C3B /* ViewController.swift */ = {isa = PBXFileReference; lastKnownFileType = sourcecode.swift; path = ViewController.swift; sourceTree = "<group>"; };
		F9C9DD5D2B7412E400311C3B /* Base */ = {isa = PBXFileReference; lastKnownFileType = file.storyboard; name = Base; path = Base.lproj/Main.storyboard; sourceTree = "<group>"; };
		F9C9DD602B7412E400311C3B /* JsonInfo.xcdatamodel */ = {isa = PBXFileReference; lastKnownFileType = wrapper.xcdatamodel; path = JsonInfo.xcdatamodel; sourceTree = "<group>"; };
		F9C9DD622B7412E400311C3B /* Assets.xcassets */ = {isa = PBXFileReference; lastKnownFileType = folder.assetcatalog; path = Assets.xcassets; sourceTree = "<group>"; };
		F9C9DD652B7412E400311C3B /* Base */ = {isa = PBXFileReference; lastKnownFileType = file.storyboard; name = Base; path = Base.lproj/LaunchScreen.storyboard; sourceTree = "<group>"; };
		F9C9DD672B7412E400311C3B /* Info.plist */ = {isa = PBXFileReference; lastKnownFileType = text.plist.xml; path = Info.plist; sourceTree = "<group>"; };
/* End PBXFileReference section */

/* Begin PBXFrameworksBuildPhase section */
		F9C9DD502B7412E400311C3B /* Frameworks */ = {
			isa = PBXFrameworksBuildPhase;
			buildActionMask = 2147483647;
			files = (
				02B743785458D74B90957862 /* Pods_JsonInfo.framework in Frameworks */,
			);
			runOnlyForDeploymentPostprocessing = 0;
		};
/* End PBXFrameworksBuildPhase section */

/* Begin PBXGroup section */
		1DA163DD4C7202947539DB98 /* Pods */ = {
			isa = PBXGroup;
			children = (
				0A5E990BB4B4F37535BA27DB /* Pods-JsonInfo.debug.xcconfig */,
				F5560A194DFE94E2759079B6 /* Pods-JsonInfo.release.xcconfig */,
			);
			name = Pods;
			path = Pods;
			sourceTree = "<group>";
		};
		51E399F11198F93A4E717052 /* Frameworks */ = {
			isa = PBXGroup;
			children = (
				26B4515934DED68DCC91104B /* Pods_JsonInfo.framework */,
			);
			name = Frameworks;
			sourceTree = "<group>";
		};
		F9C9DD4A2B7412E400311C3B = {
			isa = PBXGroup;
			children = (
				F9C9DD552B7412E400311C3B /* JsonInfo */,
				F9C9DD542B7412E400311C3B /* Products */,
				1DA163DD4C7202947539DB98 /* Pods */,
				51E399F11198F93A4E717052 /* Frameworks */,
			);
			sourceTree = "<group>";
		};
		F9C9DD542B7412E400311C3B /* Products */ = {
			isa = PBXGroup;
			children = (
				F9C9DD532B7412E400311C3B /* JsonInfo.app */,
			);
			name = Products;
			sourceTree = "<group>";
		};
		F9C9DD552B7412E400311C3B /* JsonInfo */ = {
			isa = PBXGroup;
			children = (
				F9C9DD562B7412E400311C3B /* AppDelegate.swift */,
				F9C9DD582B7412E400311C3B /* SceneDelegate.swift */,
				F9C9DD5A2B7412E400311C3B /* ViewController.swift */,
				F9C9DD5C2B7412E400311C3B /* Main.storyboard */,
				F9C9DD622B7412E400311C3B /* Assets.xcassets */,
				F9C9DD642B7412E400311C3B /* LaunchScreen.storyboard */,
				F9C9DD672B7412E400311C3B /* Info.plist */,
				F9C9DD5F2B7412E400311C3B /* JsonInfo.xcdatamodeld */,
			);
			path = JsonInfo;
			sourceTree = "<group>";
		};
/* End PBXGroup section */

/* Begin PBXNativeTarget section */
		F9C9DD522B7412E400311C3B /* JsonInfo */ = {
			isa = PBXNativeTarget;
			buildConfigurationList = F9C9DD6A2B7412E400311C3B /* Build configuration list for PBXNativeTarget "JsonInfo" */;
			buildPhases = (
				BD42B4E466406A4E5BC03623 /* [CP] Check Pods Manifest.lock */,
				F9C9DD4F2B7412E400311C3B /* Sources */,
				F9C9DD502B7412E400311C3B /* Frameworks */,
				F9C9DD512B7412E400311C3B /* Resources */,
				CAA8B78744BE742FB91069DD /* [CP] Embed Pods Frameworks */,
			);
			buildRules = (
			);
			dependencies = (
			);
			name = JsonInfo;
			productName = JsonInfo;
			productReference = F9C9DD532B7412E400311C3B /* JsonInfo.app */;
			productType = "com.apple.product-type.application";
		};
/* End PBXNativeTarget section */

/* Begin PBXProject section */
		F9C9DD4B2B7412E400311C3B /* Project object */ = {
			isa = PBXProject;
			attributes = {
				BuildIndependentTargetsInParallel = 1;
				LastSwiftUpdateCheck = 1420;
				LastUpgradeCheck = 1420;
				TargetAttributes = {
					F9C9DD522B7412E400311C3B = {
						CreatedOnToolsVersion = 14.2;
					};
				};
			};
			buildConfigurationList = F9C9DD4E2B7412E400311C3B /* Build configuration list for PBXProject "JsonInfo" */;
			compatibilityVersion = "Xcode 14.0";
			developmentRegion = en;
			hasScannedForEncodings = 0;
			knownRegions = (
				en,
				Base,
			);
			mainGroup = F9C9DD4A2B7412E400311C3B;
			productRefGroup = F9C9DD542B7412E400311C3B /* Products */;
			projectDirPath = "";
			projectRoot = "";
			targets = (
				F9C9DD522B7412E400311C3B /* JsonInfo */,
			);
		};
/* End PBXProject section */

/* Begin PBXResourcesBuildPhase section */
		F9C9DD512B7412E400311C3B /* Resources */ = {
			isa = PBXResourcesBuildPhase;
			buildActionMask = 2147483647;
			files = (
				F9C9DD662B7412E400311C3B /* LaunchScreen.storyboard in Resources */,
				F9C9DD632B7412E400311C3B /* Assets.xcassets in Resources */,
				F9C9DD5E2B7412E400311C3B /* Main.storyboard in Resources */,
			);
			runOnlyForDeploymentPostprocessing = 0;
		};
/* End PBXResourcesBuildPhase section */

/* Begin PBXShellScriptBuildPhase section */
		BD42B4E466406A4E5BC03623 /* [CP] Check Pods Manifest.lock */ = {
			isa = PBXShellScriptBuildPhase;
			buildActionMask = 2147483647;
			files = (
			);
			inputFileListPaths = (
			);
			inputPaths = (
				"${PODS_PODFILE_DIR_PATH}/Podfile.lock",
				"${PODS_ROOT}/Manifest.lock",
			);
			name = "[CP] Check Pods Manifest.lock";
			outputFileListPaths = (
			);
			outputPaths = (
				"$(DERIVED_FILE_DIR)/Pods-JsonInfo-checkManifestLockResult.txt",
			);
			runOnlyForDeploymentPostprocessing = 0;
			shellPath = /bin/sh;
			shellScript = "diff \"${PODS_PODFILE_DIR_PATH}/Podfile.lock\" \"${PODS_ROOT}/Manifest.lock\" > /dev/null\nif [ $? != 0 ] ; then\n    # print error to STDERR\n    echo \"error: The sandbox is not in sync with the Podfile.lock. Run 'pod install' or update your CocoaPods installation.\" >&2\n    exit 1\nfi\n# This output is used by Xcode 'outputs' to avoid re-running this script phase.\necho \"SUCCESS\" > \"${SCRIPT_OUTPUT_FILE_0}\"\n";
			showEnvVarsInLog = 0;
		};
		CAA8B78744BE742FB91069DD /* [CP] Embed Pods Frameworks */ = {
			isa = PBXShellScriptBuildPhase;
			buildActionMask = 2147483647;
			files = (
			);
			inputFileListPaths = (
				"${PODS_ROOT}/Target Support Files/Pods-JsonInfo/Pods-JsonInfo-frameworks-${CONFIGURATION}-input-files.xcfilelist",
			);
			name = "[CP] Embed Pods Frameworks";
			outputFileListPaths = (
				"${PODS_ROOT}/Target Support Files/Pods-JsonInfo/Pods-JsonInfo-frameworks-${CONFIGURATION}-output-files.xcfilelist",
			);
			runOnlyForDeploymentPostprocessing = 0;
			shellPath = /bin/sh;
			shellScript = "\"${PODS_ROOT}/Target Support Files/Pods-JsonInfo/Pods-JsonInfo-frameworks.sh\"\n";
			showEnvVarsInLog = 0;
		};
/* End PBXShellScriptBuildPhase section */

/* Begin PBXSourcesBuildPhase section */
		F9C9DD4F2B7412E400311C3B /* Sources */ = {
			isa = PBXSourcesBuildPhase;
			buildActionMask = 2147483647;
			files = (
				F9C9DD5B2B7412E400311C3B /* ViewController.swift in Sources */,
				F9C9DD572B7412E400311C3B /* AppDelegate.swift in Sources */,
				F9C9DD592B7412E400311C3B /* SceneDelegate.swift in Sources */,
				F9C9DD612B7412E400311C3B /* JsonInfo.xcdatamodeld in Sources */,
			);
			runOnlyForDeploymentPostprocessing = 0;
		};
/* End PBXSourcesBuildPhase section */

/* Begin PBXVariantGroup section */
		F9C9DD5C2B7412E400311C3B /* Main.storyboard */ = {
			isa = PBXVariantGroup;
			children = (
				F9C9DD5D2B7412E400311C3B /* Base */,
			);
			name = Main.storyboard;
			sourceTree = "<group>";
		};
		F9C9DD642B7412E400311C3B /* LaunchScreen.storyboard */ = {
			isa = PBXVariantGroup;
			children = (
				F9C9DD652B7412E400311C3B /* Base */,
			);
			name = LaunchScreen.storyboard;
			sourceTree = "<group>";
		};
/* End PBXVariantGroup section */

/* Begin XCBuildConfiguration section */
		F9C9DD682B7412E400311C3B /* Debug */ = {
			isa = XCBuildConfiguration;
			buildSettings = {
				ALWAYS_SEARCH_USER_PATHS = NO;
				CLANG_ANALYZER_NONNULL = YES;
				CLANG_ANALYZER_NUMBER_OBJECT_CONVERSION = YES_AGGRESSIVE;
				CLANG_CXX_LANGUAGE_STANDARD = "gnu++20";
				CLANG_ENABLE_MODULES = YES;
				CLANG_ENABLE_OBJC_ARC = YES;
				CLANG_ENABLE_OBJC_WEAK = YES;
				CLANG_WARN_BLOCK_CAPTURE_AUTORELEASING = YES;
				CLANG_WARN_BOOL_CONVERSION = YES;
				CLANG_WARN_COMMA = YES;
				CLANG_WARN_CONSTANT_CONVERSION = YES;
				CLANG_WARN_DEPRECATED_OBJC_IMPLEMENTATIONS = YES;
				CLANG_WARN_DIRECT_OBJC_ISA_USAGE = YES_ERROR;
				CLANG_WARN_DOCUMENTATION_COMMENTS = YES;
				CLANG_WARN_EMPTY_BODY = YES;
				CLANG_WARN_ENUM_CONVERSION = YES;
				CLANG_WARN_INFINITE_RECURSION = YES;
				CLANG_WARN_INT_CONVERSION = YES;
				CLANG_WARN_NON_LITERAL_NULL_CONVERSION = YES;
				CLANG_WARN_OBJC_IMPLICIT_RETAIN_SELF = YES;
				CLANG_WARN_OBJC_LITERAL_CONVERSION = YES;
				CLANG_WARN_OBJC_ROOT_CLASS = YES_ERROR;
				CLANG_WARN_QUOTED_INCLUDE_IN_FRAMEWORK_HEADER = YES;
				CLANG_WARN_RANGE_LOOP_ANALYSIS = YES;
				CLANG_WARN_STRICT_PROTOTYPES = YES;
				CLANG_WARN_SUSPICIOUS_MOVE = YES;
				CLANG_WARN_UNGUARDED_AVAILABILITY = YES_AGGRESSIVE;
				CLANG_WARN_UNREACHABLE_CODE = YES;
				CLANG_WARN__DUPLICATE_METHOD_MATCH = YES;
				COPY_PHASE_STRIP = NO;
				DEBUG_INFORMATION_FORMAT = dwarf;
				ENABLE_STRICT_OBJC_MSGSEND = YES;
				ENABLE_TESTABILITY = YES;
				GCC_C_LANGUAGE_STANDARD = gnu11;
				GCC_DYNAMIC_NO_PIC = NO;
				GCC_NO_COMMON_BLOCKS = YES;
				GCC_OPTIMIZATION_LEVEL = 0;
				GCC_PREPROCESSOR_DEFINITIONS = (
					"DEBUG=1",
					"$(inherited)",
				);
				GCC_WARN_64_TO_32_BIT_CONVERSION = YES;
				GCC_WARN_ABOUT_RETURN_TYPE = YES_ERROR;
				GCC_WARN_UNDECLARED_SELECTOR = YES;
				GCC_WARN_UNINITIALIZED_AUTOS = YES_AGGRESSIVE;
				GCC_WARN_UNUSED_FUNCTION = YES;
				GCC_WARN_UNUSED_VARIABLE = YES;
				IPHONEOS_DEPLOYMENT_TARGET = 16.2;
				MTL_ENABLE_DEBUG_INFO = INCLUDE_SOURCE;
				MTL_FAST_MATH = YES;
				ONLY_ACTIVE_ARCH = YES;
				SDKROOT = iphoneos;
				SWIFT_ACTIVE_COMPILATION_CONDITIONS = DEBUG;
				SWIFT_OPTIMIZATION_LEVEL = "-Onone";
			};
			name = Debug;
		};
		F9C9DD692B7412E400311C3B /* Release */ = {
			isa = XCBuildConfiguration;
			buildSettings = {
				ALWAYS_SEARCH_USER_PATHS = NO;
				CLANG_ANALYZER_NONNULL = YES;
				CLANG_ANALYZER_NUMBER_OBJECT_CONVERSION = YES_AGGRESSIVE;
				CLANG_CXX_LANGUAGE_STANDARD = "gnu++20";
				CLANG_ENABLE_MODULES = YES;
				CLANG_ENABLE_OBJC_ARC = YES;
				CLANG_ENABLE_OBJC_WEAK = YES;
				CLANG_WARN_BLOCK_CAPTURE_AUTORELEASING = YES;
				CLANG_WARN_BOOL_CONVERSION = YES;
				CLANG_WARN_COMMA = YES;
				CLANG_WARN_CONSTANT_CONVERSION = YES;
				CLANG_WARN_DEPRECATED_OBJC_IMPLEMENTATIONS = YES;
				CLANG_WARN_DIRECT_OBJC_ISA_USAGE = YES_ERROR;
				CLANG_WARN_DOCUMENTATION_COMMENTS = YES;
				CLANG_WARN_EMPTY_BODY = YES;
				CLANG_WARN_ENUM_CONVERSION = YES;
				CLANG_WARN_INFINITE_RECURSION = YES;
				CLANG_WARN_INT_CONVERSION = YES;
				CLANG_WARN_NON_LITERAL_NULL_CONVERSION = YES;
				CLANG_WARN_OBJC_IMPLICIT_RETAIN_SELF = YES;
				CLANG_WARN_OBJC_LITERAL_CONVERSION = YES;
				CLANG_WARN_OBJC_ROOT_CLASS = YES_ERROR;
				CLANG_WARN_QUOTED_INCLUDE_IN_FRAMEWORK_HEADER = YES;
				CLANG_WARN_RANGE_LOOP_ANALYSIS = YES;
				CLANG_WARN_STRICT_PROTOTYPES = YES;
				CLANG_WARN_SUSPICIOUS_MOVE = YES;
				CLANG_WARN_UNGUARDED_AVAILABILITY = YES_AGGRESSIVE;
				CLANG_WARN_UNREACHABLE_CODE = YES;
				CLANG_WARN__DUPLICATE_METHOD_MATCH = YES;
				COPY_PHASE_STRIP = NO;
				DEBUG_INFORMATION_FORMAT = "dwarf-with-dsym";
				ENABLE_NS_ASSERTIONS = NO;
				ENABLE_STRICT_OBJC_MSGSEND = YES;
				GCC_C_LANGUAGE_STANDARD = gnu11;
				GCC_NO_COMMON_BLOCKS = YES;
				GCC_WARN_64_TO_32_BIT_CONVERSION = YES;
				GCC_WARN_ABOUT_RETURN_TYPE = YES_ERROR;
				GCC_WARN_UNDECLARED_SELECTOR = YES;
				GCC_WARN_UNINITIALIZED_AUTOS = YES_AGGRESSIVE;
				GCC_WARN_UNUSED_FUNCTION = YES;
				GCC_WARN_UNUSED_VARIABLE = YES;
				IPHONEOS_DEPLOYMENT_TARGET = 16.2;
				MTL_ENABLE_DEBUG_INFO = NO;
				MTL_FAST_MATH = YES;
				SDKROOT = iphoneos;
				SWIFT_COMPILATION_MODE = wholemodule;
				SWIFT_OPTIMIZATION_LEVEL = "-O";
				VALIDATE_PRODUCT = YES;
			};
			name = Release;
		};
		F9C9DD6B2B7412E400311C3B /* Debug */ = {
			isa = XCBuildConfiguration;
			baseConfigurationReference = 0A5E990BB4B4F37535BA27DB /* Pods-JsonInfo.debug.xcconfig */;
			buildSettings = {
				ASSETCATALOG_COMPILER_APPICON_NAME = AppIcon;
				ASSETCATALOG_COMPILER_GLOBAL_ACCENT_COLOR_NAME = AccentColor;
				CODE_SIGN_STYLE = Automatic;
				CURRENT_PROJECT_VERSION = 1;
				GENERATE_INFOPLIST_FILE = YES;
				INFOPLIST_FILE = JsonInfo/Info.plist;
				INFOPLIST_KEY_UIApplicationSupportsIndirectInputEvents = YES;
				INFOPLIST_KEY_UILaunchStoryboardName = LaunchScreen;
				INFOPLIST_KEY_UIMainStoryboardFile = Main;
				INFOPLIST_KEY_UISupportedInterfaceOrientations_iPad = "UIInterfaceOrientationPortrait UIInterfaceOrientationPortraitUpsideDown UIInterfaceOrientationLandscapeLeft UIInterfaceOrientationLandscapeRight";
				INFOPLIST_KEY_UISupportedInterfaceOrientations_iPhone = "UIInterfaceOrientationPortrait UIInterfaceOrientationLandscapeLeft UIInterfaceOrientationLandscapeRight";
				LD_RUNPATH_SEARCH_PATHS = (
					"$(inherited)",
					"@executable_path/Frameworks",
				);
				MARKETING_VERSION = 1.0;
				PRODUCT_BUNDLE_IDENTIFIER = JsonInfo.JsonInfo;
				PRODUCT_NAME = "$(TARGET_NAME)";
				SWIFT_EMIT_LOC_STRINGS = YES;
				SWIFT_VERSION = 5.0;
				TARGETED_DEVICE_FAMILY = "1,2";
			};
			name = Debug;
		};
		F9C9DD6C2B7412E400311C3B /* Release */ = {
			isa = XCBuildConfiguration;
			baseConfigurationReference = F5560A194DFE94E2759079B6 /* Pods-JsonInfo.release.xcconfig */;
			buildSettings = {
				ASSETCATALOG_COMPILER_APPICON_NAME = AppIcon;
				ASSETCATALOG_COMPILER_GLOBAL_ACCENT_COLOR_NAME = AccentColor;
				CODE_SIGN_STYLE = Automatic;
				CURRENT_PROJECT_VERSION = 1;
				GENERATE_INFOPLIST_FILE = YES;
				INFOPLIST_FILE = JsonInfo/Info.plist;
				INFOPLIST_KEY_UIApplicationSupportsIndirectInputEvents = YES;
				INFOPLIST_KEY_UILaunchStoryboardName = LaunchScreen;
				INFOPLIST_KEY_UIMainStoryboardFile = Main;
				INFOPLIST_KEY_UISupportedInterfaceOrientations_iPad = "UIInterfaceOrientationPortrait UIInterfaceOrientationPortraitUpsideDown UIInterfaceOrientationLandscapeLeft UIInterfaceOrientationLandscapeRight";
				INFOPLIST_KEY_UISupportedInterfaceOrientations_iPhone = "UIInterfaceOrientationPortrait UIInterfaceOrientationLandscapeLeft UIInterfaceOrientationLandscapeRight";
				LD_RUNPATH_SEARCH_PATHS = (
					"$(inherited)",
					"@executable_path/Frameworks",
				);
				MARKETING_VERSION = 1.0;
				PRODUCT_BUNDLE_IDENTIFIER = JsonInfo.JsonInfo;
				PRODUCT_NAME = "$(TARGET_NAME)";
				SWIFT_EMIT_LOC_STRINGS = YES;
				SWIFT_VERSION = 5.0;
				TARGETED_DEVICE_FAMILY = "1,2";
			};
			name = Release;
		};
/* End XCBuildConfiguration section */

/* Begin XCConfigurationList section */
		F9C9DD4E2B7412E400311C3B /* Build configuration list for PBXProject "JsonInfo" */ = {
			isa = XCConfigurationList;
			buildConfigurations = (
				F9C9DD682B7412E400311C3B /* Debug */,
				F9C9DD692B7412E400311C3B /* Release */,
			);
			defaultConfigurationIsVisible = 0;
			defaultConfigurationName = Release;
		};
		F9C9DD6A2B7412E400311C3B /* Build configuration list for PBXNativeTarget "JsonInfo" */ = {
			isa = XCConfigurationList;
			buildConfigurations = (
				F9C9DD6B2B7412E400311C3B /* Debug */,
				F9C9DD6C2B7412E400311C3B /* Release */,
			);
			defaultConfigurationIsVisible = 0;
			defaultConfigurationName = Release;
		};
/* End XCConfigurationList section */

/* Begin XCVersionGroup section */
		F9C9DD5F2B7412E400311C3B /* JsonInfo.xcdatamodeld */ = {
			isa = XCVersionGroup;
			children = (
				F9C9DD602B7412E400311C3B /* JsonInfo.xcdatamodel */,
			);
			currentVersion = F9C9DD602B7412E400311C3B /* JsonInfo.xcdatamodel */;
			path = JsonInfo.xcdatamodeld;
			sourceTree = "<group>";
			versionGroupType = wrapper.xcdatamodel;
		};
/* End XCVersionGroup section */
	};
	rootObject = F9C9DD4B2B7412E400311C3B /* Project object */;
}
